
Microsoft Visual Studio Solution File, Format Version 12.00
# Visual Studio Version 17
VisualStudioVersion = 17.11.35312.102
MinimumVisualStudioVersion = 10.0.40219.1
Project("{FAE04EC0-301F-11D3-BF4B-00C04F79EFBC}") = "SmartTestProj.API", "SmartTestProj.API\SmartTestProj.API.csproj", "{5D40CA8F-B02B-4578-9B60-EC52F06ED303}"
EndProject
Project("{FAE04EC0-301F-11D3-BF4B-00C04F79EFBC}") = "SmartTestProj.DAL", "SmartTestProj.DAL\SmartTestProj.DAL.csproj", "{7FB3C534-7A11-4B95-B641-026CFDF5AF09}"
EndProject
Global
	GlobalSection(SolutionConfigurationPlatforms) = preSolution
		Debug|Any CPU = Debug|Any CPU
		Release|Any CPU = Release|Any CPU
	EndGlobalSection
	GlobalSection(ProjectConfigurationPlatforms) = postSolution
		{5D40CA8F-B02B-4578-9B60-EC52F06ED303}.Debug|Any CPU.ActiveCfg = Debug|Any CPU
		{5D40CA8F-B02B-4578-9B60-EC52F06ED303}.Debug|Any CPU.Build.0 = Debug|Any CPU
		{5D40CA8F-B02B-4578-9B60-EC52F06ED303}.Release|Any CPU.ActiveCfg = Release|Any CPU
		{5D40CA8F-B02B-4578-9B60-EC52F06ED303}.Release|Any CPU.Build.0 = Release|Any CPU
		{7FB3C534-7A11-4B95-B641-026CFDF5AF09}.Debug|Any CPU.ActiveCfg = Debug|Any CPU
		{7FB3C534-7A11-4B95-B641-026CFDF5AF09}.Debug|Any CPU.Build.0 = Debug|Any CPU
		{7FB3C534-7A11-4B95-B641-026CFDF5AF09}.Release|Any CPU.ActiveCfg = Release|Any CPU
		{7FB3C534-7A11-4B95-B641-026CFDF5AF09}.Release|Any CPU.Build.0 = Release|Any CPU
	EndGlobalSection
	GlobalSection(SolutionProperties) = preSolution
		HideSolutionNode = FALSE
	EndGlobalSection
	GlobalSection(ExtensibilityGlobals) = postSolution
		SolutionGuid = {A09DE2F5-3FED-4225-94C6-F8E25F92B5AA}
	EndGlobalSection
EndGlobal
